github.com/davecgh/go-spew v1.1.1 h1:vj9j/u1bqnvCEfJOwUhtlOARqs3+rkHYY13jYWTU97c=
github.com/davecgh/go-spew v1.1.1/go.mod h1:J7Y8YcW2NihsgmVo/mv3lAwl/skON4iLHjSsI+c5H38=
github.com/go-gl/gl v0.0.0-20231021071112-07e5d0ea2e71 h1:5BVwOaUSBTlVZowGO6VZGw2H/zl9nrd3eCZfYV+NfQA=
github.com/go-gl/gl v0.0.0-20231021071112-07e5d0ea2e71/go.mod h1:9YTyiznxEY1fVinfM7RvRcjRHbw2xLBJ3AAGIT0I4Nw=
github.com/go-gl/glfw/v3.3/glfw v0.0.0-20240506104042-037f3cc74f2a h1:vxnBhFDDT+xzxf1jTJKMKZw3H0swfWk9RpWbBbDK5+0=
github.com/go-gl/glfw/v3.3/glfw v0.0.0-20240506104042-037f3cc74f2a/go.mod h1:tQ2UAYgL5IevRw8kRxooKSPJfGvJ9fJQFa0TUsXzTg8=
github.com/go-gl/mathgl v1.2.0 h1:v2eOj/y1B2afDxF6URV1qCYmo1KW08lAMtTbOn3KXCY=
github.com/go-gl/mathgl v1.2.0/go.mod h1:pf9+b5J3LFP7iZ4XXaVzZrCle0Q/vNpB/vDe5+3ulRE=
github.com/gonum/floats v0.0.0-20181209220543-c233463c7e82 h1:EvokxLQsaaQjcWVWSV38221VAK7qc2zhaO17bKys/18=
github.com/gonum/floats v0.0.0-20181209220543-c233463c7e82/go.mod h1:PxC8OnwL11+aosOB5+iEPoV3picfs8tUpkVd0pDo+Kg=
github.com/gonum/internal v0.0.0-20181124074243-f884aa714029 h1:8jtTdc+Nfj9AR+0soOeia9UZSvYBvETVHZrugUowJ7M=
github.com/gonum/internal v0.0.0-20181124074243-f884aa714029/go.mod h1:Pu4dmpkhSyOzRwuXkOgAvijx4o+4YMUJJo9OvPYMkks=
github.com/google/uuid v1.6.0 h1:NIvaJDMOsjHA8n1jAhLSgzrAzy1Hgr+hNrb57e+94F0=
github.com/google/uuid v1.6.0/go.mod h1:TIyPZe4MgqvfeYDBFedMoGGpEw/LqOeaOT+nhxU+yHo=
github.com/james-bowman/sparse v0.0.0-20200204164517-b588421ac5da h1:c8rdrUmW4DLyDuRuijURx1YZq3lSa+hWp71jH/Qsins=
github.com/james-bowman/sparse v0.0.0-20200204164517-b588421ac5da/go.mod h1:G6EcQnwZKsWtItoaQHd+FHPPk6bDeYVJSeeSP9Sge+I=
github.com/kr/pretty v0.1.0 h1:L/CwN0zerZDmRFUapSPitk6f+Q3+0za1rQkzVuMiMFI=
github.com/kr/pretty v0.1.0/go.mod h1:dAy3ld7l9f0ibDNOQOHHMYYIIbhfbHSm3C4ZsoJORNo=
github.com/kr/pty v1.1.1/go.mod h1:pFQYn66WHrOpPYNljwOMqo10TkYh1fy3cYio2l3bCsQ=
github.com/kr/text v0.1.0 h1:45sCR5RtlFHMR4UwH9sdQ5TC8v0qDQCHnXt+kaKSTVE=
github.com/kr/text v0.1.0/go.mod h1:4Jbv+DJW3UT/LiOwJeYQe1efqtUx/iVham/4vfdArNI=
github.com/notargets/avs v0.0.8-0.20250301163939-3d7704630871 h1:mcof9mMxh/EX8fswxpj9lCJnbpcDjsZv9m0iDFt7mLE=
github.com/notargets/avs v0.0.8-0.20250301163939-3d7704630871/go.mod h1:yidK4pKUoes861WXxRVscwFZFU9cnnxSUifrwA6PfX8=
github.com/notargets/go-metis v0.0.0-20250613231942-b5c31423c384 h1:lJK2BPBmtac38EgaF+kmf1/rdgknUEqAvzFC58vSBgM=
github.com/notargets/go-metis v0.0.0-20250613231942-b5c31423c384/go.mod h1:WiytKa3Uq5SMwZvSeI+XvnAzgu2lhCKG8bl5WTJM3q4=
github.com/notargets/gocca v1.2.0 h1:R5hq7FEXalfDIGSXr/wt16jKud63IxROZP3idmdqOdk=
github.com/notargets/gocca v1.2.0/go.mod h1:89M5ASOXjGdshWq6CGEzztDo7eHaCekcI2YOhou7j0A=
github.com/notargets/gocfd v0.1.4-0.20250629235002-db261add7825 h1:g+BYgwiD0xVofYCPosOocEWw0hPxCLxj10+0i3WXtkM=
github.com/notargets/gocfd v0.1.4-0.20250629235002-db261add7825/go.mod h1:iXaPzbhGum9niim6xtFzdZhQK6Bbe0JvKvBBkxThutY=
github.com/pmezard/go-difflib v1.0.0 h1:4DBwDE0NGyQoBHbLQYPwSUPoCMWR5BEzIk/f1lZbAQM=
github.com/pmezard/go-difflib v1.0.0/go.mod h1:iKH77koFhYxTK1pcRnkKkqfTogsbg7gZNVY4sRDYZ/4=
github.com/pradeep-pyro/triangle v0.0.0-20181224021403-536c46311a99 h1:hOt5ujjvn0F3+9V9YLf+fKxEXBzbW1PY/Y2csM5DDQg=
github.com/pradeep-pyro/triangle v0.0.0-20181224021403-536c46311a99/go.mod h1:kgteKBQYFTsWNguIvQQB8NAx9WAocyChI5+EwtY7B5E=
github.com/stretchr/testify v1.10.0 h1:Xv5erBjTwe/5IxqUQTdXv5kgmIvbHo3QQyRwhJsOfJA=
github.com/stretchr/testify v1.10.0/go.mod h1:r2ic/lqez/lEtzL7wO/rwa5dbSLXVDPFyf8C91i36aY=
golang.org/x/exp v0.0.0-20241009180824-f66d83c29e7c h1:7dEasQXItcW1xKJ2+gg5VOiBnqWrJc+rq0DPKyvvdbY=
golang.org/x/exp v0.0.0-20241009180824-f66d83c29e7c/go.mod h1:NQtJDoLvd6faHhE7m4T/1IY708gDefGGjR/iUW8yQQ8=
golang.org/x/image v0.26.0 h1:4XjIFEZWQmCZi6Wv8BoxsDhRU3RVnLX04dToTDAEPlY=
golang.org/x/image v0.26.0/go.mod h1:lcxbMFAovzpnJxzXS3nyL83K27tmqtKzIJpctK8YO5c=
golang.org/x/text v0.24.0 h1:dd5Bzh4yt5KYA8f9CJHCP4FB4D51c2c6JvN37xJJkJ0=
golang.org/x/text v0.24.0/go.mod h1:L8rBsPeo2pSS+xqN0d5u2ikmjtmoJbDBT1b7nHvFCdU=
golang.org/x/tools v0.32.0 h1:Q7N1vhpkQv7ybVzLFtTjvQya2ewbwNDZzUgfXGqtMWU=
golang.org/x/tools v0.32.0/go.mod h1:ZxrU41P/wAbZD8EDa6dDCa6XfpkhJ7HFMjHJXfBDu8s=
gonum.org/v1/gonum v0.16.0 h1:5+ul4Swaf3ESvrOnidPp4GZbzf0mxVQpDCYUQE7OJfk=
gonum.org/v1/gonum v0.16.0/go.mod h1:fef3am4MQ93R2HHpKnLk4/Tbh/s0+wqD5nfa6Pnwy4E=
gonum.org/v1/netlib v0.0.0-20230729102104-8b8060e7531f h1:4UbBeKPI3rC830Vz9CQaU72v2SQ1ahvRmMEPhpPLwC0=
gonum.org/v1/netlib v0.0.0-20230729102104-8b8060e7531f/go.mod h1:6Mn9FPbBqhIzqrUWsq8EvvqYKz+jYS3YDMufWRE6j8c=
gopkg.in/check.v1 v0.0.0-20161208181325-20d25e280405/go.mod h1:Co6ibVJAznAaIkqp8huTwlJQCZ016jof/cbN4VW5Yz0=
gopkg.in/check.v1 v1.0.0-20180628173108-788fd7840127 h1:qIbj1fsPNlZgppZ+VLlY7N33q108Sa+fhmuc+sWQYwY=
gopkg.in/check.v1 v1.0.0-20180628173108-788fd7840127/go.mod h1:Co6ibVJAznAaIkqp8huTwlJQCZ016jof/cbN4VW5Yz0=
gopkg.in/yaml.v3 v3.0.1 h1:fxVm/GzAzEWqLHuvctI91KS9hhNmmWOoWu0XTYJS7CA=
gopkg.in/yaml.v3 v3.0.1/go.mod h1:K4uyk7z7BCEPqu6E+C64Yfv1cQ7kz7rIZviUmN+EgEM=
